
Microsoft Visual Studio Solution File, Format Version 12.00
# Visual Studio Version 17
VisualStudioVersion = 17.10.35122.118
MinimumVisualStudioVersion = 10.0.40219.1
Project("{FAE04EC0-301F-11D3-BF4B-00C04F79EFBC}") = "IEnumerableVSIEnumerator", "IEnumerableVSIEnumerator\IEnumerableVSIEnumerator.csproj", "{34332550-73E5-42AE-A7D5-94E5720B3525}"
EndProject
Global
	GlobalSection(SolutionConfigurationPlatforms) = preSolution
		Debug|Any CPU = Debug|Any CPU
		Release|Any CPU = Release|Any CPU
	EndGlobalSection
	GlobalSection(ProjectConfigurationPlatforms) = postSolution
		{34332550-73E5-42AE-A7D5-94E5720B3525}.Debug|Any CPU.ActiveCfg = Debug|Any CPU
		{34332550-73E5-42AE-A7D5-94E5720B3525}.Debug|Any CPU.Build.0 = Debug|Any CPU
		{34332550-73E5-42AE-A7D5-94E5720B3525}.Release|Any CPU.ActiveCfg = Release|Any CPU
		{34332550-73E5-42AE-A7D5-94E5720B3525}.Release|Any CPU.Build.0 = Release|Any CPU
	EndGlobalSection
	GlobalSection(SolutionProperties) = preSolution
		HideSolutionNode = FALSE
	EndGlobalSection
	GlobalSection(ExtensibilityGlobals) = postSolution
		SolutionGuid = {95E31598-5B17-43F9-A464-715E4F8A9C6B}
	EndGlobalSection
EndGlobal
