
Microsoft Visual Studio Solution File, Format Version 12.00
# Visual Studio Version 17
VisualStudioVersion = 17.10.35122.118
MinimumVisualStudioVersion = 10.0.40219.1
Project("{FAE04EC0-301F-11D3-BF4B-00C04F79EFBC}") = "ExceptionHandling", "ExceptionHandling\ExceptionHandling.csproj", "{83A5755A-F0C2-4C9F-BCD4-15ACD89B3504}"
EndProject
Global
	GlobalSection(SolutionConfigurationPlatforms) = preSolution
		Debug|Any CPU = Debug|Any CPU
		Release|Any CPU = Release|Any CPU
	EndGlobalSection
	GlobalSection(ProjectConfigurationPlatforms) = postSolution
		{83A5755A-F0C2-4C9F-BCD4-15ACD89B3504}.Debug|Any CPU.ActiveCfg = Debug|Any CPU
		{83A5755A-F0C2-4C9F-BCD4-15ACD89B3504}.Debug|Any CPU.Build.0 = Debug|Any CPU
		{83A5755A-F0C2-4C9F-BCD4-15ACD89B3504}.Release|Any CPU.ActiveCfg = Release|Any CPU
		{83A5755A-F0C2-4C9F-BCD4-15ACD89B3504}.Release|Any CPU.Build.0 = Release|Any CPU
	EndGlobalSection
	GlobalSection(SolutionProperties) = preSolution
		HideSolutionNode = FALSE
	EndGlobalSection
	GlobalSection(ExtensibilityGlobals) = postSolution
		SolutionGuid = {F20CEF39-322D-4B0E-90E8-D2C2E38E90BA}
	EndGlobalSection
EndGlobal
