
Microsoft Visual Studio Solution File, Format Version 12.00
# Visual Studio Version 17
VisualStudioVersion = 17.10.35122.118
MinimumVisualStudioVersion = 10.0.40219.1
Project("{FAE04EC0-301F-11D3-BF4B-00C04F79EFBC}") = "BreakContinue", "BreakContinue\BreakContinue.csproj", "{3564B03E-C157-4232-BDE8-941E7385569B}"
EndProject
Global
	GlobalSection(SolutionConfigurationPlatforms) = preSolution
		Debug|Any CPU = Debug|Any CPU
		Release|Any CPU = Release|Any CPU
	EndGlobalSection
	GlobalSection(ProjectConfigurationPlatforms) = postSolution
		{3564B03E-C157-4232-BDE8-941E7385569B}.Debug|Any CPU.ActiveCfg = Debug|Any CPU
		{3564B03E-C157-4232-BDE8-941E7385569B}.Debug|Any CPU.Build.0 = Debug|Any CPU
		{3564B03E-C157-4232-BDE8-941E7385569B}.Release|Any CPU.ActiveCfg = Release|Any CPU
		{3564B03E-C157-4232-BDE8-941E7385569B}.Release|Any CPU.Build.0 = Release|Any CPU
	EndGlobalSection
	GlobalSection(SolutionProperties) = preSolution
		HideSolutionNode = FALSE
	EndGlobalSection
	GlobalSection(ExtensibilityGlobals) = postSolution
		SolutionGuid = {6DF7831F-7BA3-429A-B62A-162DD10FCD8F}
	EndGlobalSection
EndGlobal
