
Microsoft Visual Studio Solution File, Format Version 12.00
# Visual Studio Version 17
VisualStudioVersion = 17.10.35122.118
MinimumVisualStudioVersion = 10.0.40219.1
Project("{FAE04EC0-301F-11D3-BF4B-00C04F79EFBC}") = "Arrays", "Arrays\Arrays.csproj", "{57F20993-4FC0-45F5-B5A2-B8E47BD879A5}"
EndProject
Global
	GlobalSection(SolutionConfigurationPlatforms) = preSolution
		Debug|Any CPU = Debug|Any CPU
		Release|Any CPU = Release|Any CPU
	EndGlobalSection
	GlobalSection(ProjectConfigurationPlatforms) = postSolution
		{57F20993-4FC0-45F5-B5A2-B8E47BD879A5}.Debug|Any CPU.ActiveCfg = Debug|Any CPU
		{57F20993-4FC0-45F5-B5A2-B8E47BD879A5}.Debug|Any CPU.Build.0 = Debug|Any CPU
		{57F20993-4FC0-45F5-B5A2-B8E47BD879A5}.Release|Any CPU.ActiveCfg = Release|Any CPU
		{57F20993-4FC0-45F5-B5A2-B8E47BD879A5}.Release|Any CPU.Build.0 = Release|Any CPU
	EndGlobalSection
	GlobalSection(SolutionProperties) = preSolution
		HideSolutionNode = FALSE
	EndGlobalSection
	GlobalSection(ExtensibilityGlobals) = postSolution
		SolutionGuid = {AEDB1FF2-85C6-40B7-96A4-F433C8275D36}
	EndGlobalSection
EndGlobal
