
Microsoft Visual Studio Solution File, Format Version 12.00
# Visual Studio Version 17
VisualStudioVersion = 17.10.35122.118
MinimumVisualStudioVersion = 10.0.40219.1
Project("{FAE04EC0-301F-11D3-BF4B-00C04F79EFBC}") = "Structs", "Structs\Structs.csproj", "{B08F5307-1727-4563-B81F-16879853DCAC}"
EndProject
Global
	GlobalSection(SolutionConfigurationPlatforms) = preSolution
		Debug|Any CPU = Debug|Any CPU
		Release|Any CPU = Release|Any CPU
	EndGlobalSection
	GlobalSection(ProjectConfigurationPlatforms) = postSolution
		{B08F5307-1727-4563-B81F-16879853DCAC}.Debug|Any CPU.ActiveCfg = Debug|Any CPU
		{B08F5307-1727-4563-B81F-16879853DCAC}.Debug|Any CPU.Build.0 = Debug|Any CPU
		{B08F5307-1727-4563-B81F-16879853DCAC}.Release|Any CPU.ActiveCfg = Release|Any CPU
		{B08F5307-1727-4563-B81F-16879853DCAC}.Release|Any CPU.Build.0 = Release|Any CPU
	EndGlobalSection
	GlobalSection(SolutionProperties) = preSolution
		HideSolutionNode = FALSE
	EndGlobalSection
	GlobalSection(ExtensibilityGlobals) = postSolution
		SolutionGuid = {A64A7989-5A5E-499E-8042-37D7441FEBE7}
	EndGlobalSection
EndGlobal
