
Microsoft Visual Studio Solution File, Format Version 12.00
# Visual Studio Version 17
VisualStudioVersion = 17.10.35122.118
MinimumVisualStudioVersion = 10.0.40219.1
Project("{FAE04EC0-301F-11D3-BF4B-00C04F79EFBC}") = "Delegates", "Delegates\Delegates.csproj", "{BE78166D-CAFD-4CF8-958A-215C89367F42}"
EndProject
Global
	GlobalSection(SolutionConfigurationPlatforms) = preSolution
		Debug|Any CPU = Debug|Any CPU
		Release|Any CPU = Release|Any CPU
	EndGlobalSection
	GlobalSection(ProjectConfigurationPlatforms) = postSolution
		{BE78166D-CAFD-4CF8-958A-215C89367F42}.Debug|Any CPU.ActiveCfg = Debug|Any CPU
		{BE78166D-CAFD-4CF8-958A-215C89367F42}.Debug|Any CPU.Build.0 = Debug|Any CPU
		{BE78166D-CAFD-4CF8-958A-215C89367F42}.Release|Any CPU.ActiveCfg = Release|Any CPU
		{BE78166D-CAFD-4CF8-958A-215C89367F42}.Release|Any CPU.Build.0 = Release|Any CPU
	EndGlobalSection
	GlobalSection(SolutionProperties) = preSolution
		HideSolutionNode = FALSE
	EndGlobalSection
	GlobalSection(ExtensibilityGlobals) = postSolution
		SolutionGuid = {2D29DC72-82B3-4393-9100-6783298077D5}
	EndGlobalSection
EndGlobal
