
Microsoft Visual Studio Solution File, Format Version 12.00
# Visual Studio Version 17
VisualStudioVersion = 17.10.35122.118
MinimumVisualStudioVersion = 10.0.40219.1
Project("{FAE04EC0-301F-11D3-BF4B-00C04F79EFBC}") = "Lists", "Lists\Lists.csproj", "{627E072A-48C7-4DDF-BFA7-F9587FEE2658}"
EndProject
Global
	GlobalSection(SolutionConfigurationPlatforms) = preSolution
		Debug|Any CPU = Debug|Any CPU
		Release|Any CPU = Release|Any CPU
	EndGlobalSection
	GlobalSection(ProjectConfigurationPlatforms) = postSolution
		{627E072A-48C7-4DDF-BFA7-F9587FEE2658}.Debug|Any CPU.ActiveCfg = Debug|Any CPU
		{627E072A-48C7-4DDF-BFA7-F9587FEE2658}.Debug|Any CPU.Build.0 = Debug|Any CPU
		{627E072A-48C7-4DDF-BFA7-F9587FEE2658}.Release|Any CPU.ActiveCfg = Release|Any CPU
		{627E072A-48C7-4DDF-BFA7-F9587FEE2658}.Release|Any CPU.Build.0 = Release|Any CPU
	EndGlobalSection
	GlobalSection(SolutionProperties) = preSolution
		HideSolutionNode = FALSE
	EndGlobalSection
	GlobalSection(ExtensibilityGlobals) = postSolution
		SolutionGuid = {FF39C8D9-D552-4AC6-91EB-173D39A39B62}
	EndGlobalSection
EndGlobal
