
Microsoft Visual Studio Solution File, Format Version 12.00
# Visual Studio Version 17
VisualStudioVersion = 17.10.35027.167
MinimumVisualStudioVersion = 10.0.40219.1
Project("{FAE04EC0-301F-11D3-BF4B-00C04F79EFBC}") = "DataTypes", "DataTypes\DataTypes.csproj", "{DCB30499-E772-46FA-8192-C736B362F32E}"
EndProject
Global
	GlobalSection(SolutionConfigurationPlatforms) = preSolution
		Debug|Any CPU = Debug|Any CPU
		Release|Any CPU = Release|Any CPU
	EndGlobalSection
	GlobalSection(ProjectConfigurationPlatforms) = postSolution
		{DCB30499-E772-46FA-8192-C736B362F32E}.Debug|Any CPU.ActiveCfg = Debug|Any CPU
		{DCB30499-E772-46FA-8192-C736B362F32E}.Debug|Any CPU.Build.0 = Debug|Any CPU
		{DCB30499-E772-46FA-8192-C736B362F32E}.Release|Any CPU.ActiveCfg = Release|Any CPU
		{DCB30499-E772-46FA-8192-C736B362F32E}.Release|Any CPU.Build.0 = Release|Any CPU
	EndGlobalSection
	GlobalSection(SolutionProperties) = preSolution
		HideSolutionNode = FALSE
	EndGlobalSection
	GlobalSection(ExtensibilityGlobals) = postSolution
		SolutionGuid = {7C177B7C-FDDE-462F-B983-09C5C2CFC3F7}
	EndGlobalSection
EndGlobal
