
Microsoft Visual Studio Solution File, Format Version 12.00
# Visual Studio Version 17
VisualStudioVersion = 17.10.35122.118
MinimumVisualStudioVersion = 10.0.40219.1
Project("{FAE04EC0-301F-11D3-BF4B-00C04F79EFBC}") = "Interfaces", "Interfaces\Interfaces.csproj", "{BF41FFFE-D42E-494F-BAAB-31BC40AA5981}"
EndProject
Global
	GlobalSection(SolutionConfigurationPlatforms) = preSolution
		Debug|Any CPU = Debug|Any CPU
		Release|Any CPU = Release|Any CPU
	EndGlobalSection
	GlobalSection(ProjectConfigurationPlatforms) = postSolution
		{BF41FFFE-D42E-494F-BAAB-31BC40AA5981}.Debug|Any CPU.ActiveCfg = Debug|Any CPU
		{BF41FFFE-D42E-494F-BAAB-31BC40AA5981}.Debug|Any CPU.Build.0 = Debug|Any CPU
		{BF41FFFE-D42E-494F-BAAB-31BC40AA5981}.Release|Any CPU.ActiveCfg = Release|Any CPU
		{BF41FFFE-D42E-494F-BAAB-31BC40AA5981}.Release|Any CPU.Build.0 = Release|Any CPU
	EndGlobalSection
	GlobalSection(SolutionProperties) = preSolution
		HideSolutionNode = FALSE
	EndGlobalSection
	GlobalSection(ExtensibilityGlobals) = postSolution
		SolutionGuid = {E380A670-F5E5-4DF0-8E77-61F59AFE6FC6}
	EndGlobalSection
EndGlobal
